PODS:
  - bes_auth_flutter (0.0.1):
    - Flutter
  - device_info_plus (0.0.1):
    - Flutter
  - Flutter (1.0.0)
  - flutter_web_auth_2 (5.0.0):
    - Flutter
  - package_info_plus (0.4.5):
    - Flutter
  - url_launcher_ios (0.0.1):
    - Flutter

DEPENDENCIES:
  - bes_auth_flutter (from `.symlinks/plugins/bes_auth_flutter/ios`)
  - device_info_plus (from `.symlinks/plugins/device_info_plus/ios`)
  - Flutter (from `Flutter`)
  - flutter_web_auth_2 (from `.symlinks/plugins/flutter_web_auth_2/ios`)
  - package_info_plus (from `.symlinks/plugins/package_info_plus/ios`)
  - url_launcher_ios (from `.symlinks/plugins/url_launcher_ios/ios`)

EXTERNAL SOURCES:
  bes_auth_flutter:
    :path: ".symlinks/plugins/bes_auth_flutter/ios"
  device_info_plus:
    :path: ".symlinks/plugins/device_info_plus/ios"
  Flutter:
    :path: Flutter
  flutter_web_auth_2:
    :path: ".symlinks/plugins/flutter_web_auth_2/ios"
  package_info_plus:
    :path: ".symlinks/plugins/package_info_plus/ios"
  url_launcher_ios:
    :path: ".symlinks/plugins/url_launcher_ios/ios"

SPEC CHECKSUMS:
  bes_auth_flutter: 3c667f0e447af529163e8ae108f0ed25123f61e3
  device_info_plus: 21fcca2080fbcd348be798aa36c3e5ed849eefbe
  Flutter: cabc95a1d2626b1b06e7179b784ebcf0c0cde467
  flutter_web_auth_2: 646fc9df97a01c59e5eea99b237da2c6360f8439
  package_info_plus: af8e2ca6888548050f16fa2f1938db7b5a5df499
  url_launcher_ios: 7a95fa5b60cc718a708b8f2966718e93db0cef1b

PODFILE CHECKSUM: 0dbd5a87e0ace00c9610d2037ac22083a01f861d

COCOAPODS: 1.16.2
